<?xml version="1.0" encoding="utf-8"?>
<Project ToolsVersion="4.0" xmlns="http://schemas.microsoft.com/developer/msbuild/2003">
  <ItemGroup>
    <Filter Include="源文件">
      <UniqueIdentifier>{4FC737F1-C7A5-4376-A066-2A32D752A2FF}</UniqueIdentifier>
      <Extensions>cpp;c;cc;cxx;c++;cppm;ixx;def;odl;idl;hpj;bat;asm;asmx</Extensions>
    </Filter>
    <Filter Include="头文件">
      <UniqueIdentifier>{93995380-89BD-4b04-88EB-625FBE52EBFB}</UniqueIdentifier>
      <Extensions>h;hh;hpp;hxx;h++;hm;inl;inc;ipp;xsd</Extensions>
    </Filter>
    <Filter Include="资源文件">
      <UniqueIdentifier>{67DA6AB6-F800-4c08-8B7A-83BB121AAD01}</UniqueIdentifier>
      <Extensions>rc;ico;cur;bmp;dlg;rc2;rct;bin;rgs;gif;jpg;jpeg;jpe;resx;tiff;tif;png;wav;mfcribbon-ms</Extensions>
    </Filter>
  </ItemGroup>
  <ItemGroup>
    <ClCompile Include="WinMain.cpp">
      <Filter>源文件</Filter>
    </ClCompile>
    <ClCompile Include="ScreenSaver.cpp">
      <Filter>源文件</Filter>
    </ClCompile>
    <ClCompile Include="PoppoMarch\Game\Game.cpp">
      <Filter>源文件</Filter>
    </ClCompile>
    <ClCompile Include="PoppoMarch\Game\SceneObject.cpp">
      <Filter>源文件</Filter>
    </ClCompile>
    <ClCompile Include="PoppoMarch\PoppoMarchGame.cpp">
      <Filter>源文件</Filter>
    </ClCompile>
    <ClCompile Include="PoppoMarch\Game\DxRootScene.cpp">
      <Filter>源文件</Filter>
    </ClCompile>
    <ClCompile Include="PoppoMarch\PoppoMarchRoot.cpp">
      <Filter>源文件</Filter>
    </ClCompile>
    <ClCompile Include="PoppoMarch\Game\FPSMeter.cpp">
      <Filter>源文件</Filter>
    </ClCompile>
    <ClCompile Include="PoppoMarch\Game\KeyTrigger.cpp">
      <Filter>源文件</Filter>
    </ClCompile>
    <ClCompile Include="PoppoMarch\Config.cpp">
      <Filter>源文件</Filter>
    </ClCompile>
    <ClCompile Include="PoppoMarch\BackgroundScene.cpp">
      <Filter>源文件</Filter>
    </ClCompile>
    <ClCompile Include="PoppoMarch\Bubble.cpp">
      <Filter>源文件</Filter>
    </ClCompile>
    <ClCompile Include="PoppoMarch\BubbleScene.cpp">
      <Filter>源文件</Filter>
    </ClCompile>
    <ClCompile Include="PoppoMarch\PoppoScene.cpp">
      <Filter>源文件</Filter>
    </ClCompile>
    <ClCompile Include="SetRichEditText.cpp">
      <Filter>源文件</Filter>
    </ClCompile>
    <ClCompile Include="SettingsDialog.cpp">
      <Filter>源文件</Filter>
    </ClCompile>
    <ClCompile Include="PoppoMarch\CharacterDraw.cpp">
      <Filter>源文件</Filter>
    </ClCompile>
    <ClCompile Include="PoppoMarch\Spark.cpp">
      <Filter>源文件</Filter>
    </ClCompile>
  </ItemGroup>
  <ItemGroup>
    <ClInclude Include="ScreenSaver.h">
      <Filter>头文件</Filter>
    </ClInclude>
    <ClInclude Include="PoppoMarch\Game\Game.h">
      <Filter>头文件</Filter>
    </ClInclude>
    <ClInclude Include="PoppoMarch\Game\SceneObject.h">
      <Filter>头文件</Filter>
    </ClInclude>
    <ClInclude Include="PoppoMarch\PoppoMarchGame.h">
      <Filter>头文件</Filter>
    </ClInclude>
    <ClInclude Include="PoppoMarch\Game\DxRootScene.h">
      <Filter>头文件</Filter>
    </ClInclude>
    <ClInclude Include="PoppoMarch\PoppoMarchRoot.h">
      <Filter>头文件</Filter>
    </ClInclude>
    <ClInclude Include="PoppoMarch\Game\DxCommon.h">
      <Filter>头文件</Filter>
    </ClInclude>
    <ClInclude Include="PoppoMarch\Game\FPSMeter.h">
      <Filter>头文件</Filter>
    </ClInclude>
    <ClInclude Include="PoppoMarch\Game\KeyTrigger.h">
      <Filter>头文件</Filter>
    </ClInclude>
    <ClInclude Include="PoppoMarch\Config.h">
      <Filter>头文件</Filter>
    </ClInclude>
    <ClInclude Include="resource.h">
      <Filter>头文件</Filter>
    </ClInclude>
    <ClInclude Include="PoppoMarch\BackgroundScene.h">
      <Filter>头文件</Filter>
    </ClInclude>
    <ClInclude Include="PoppoMarch\Bubble.h">
      <Filter>头文件</Filter>
    </ClInclude>
    <ClInclude Include="PoppoMarch\BubbleScene.h">
      <Filter>头文件</Filter>
    </ClInclude>
    <ClInclude Include="PoppoMarch\PoppoScene.h">
      <Filter>头文件</Filter>
    </ClInclude>
    <ClInclude Include="SetRichEditText.h">
      <Filter>头文件</Filter>
    </ClInclude>
    <ClInclude Include="SettingsDialog.h">
      <Filter>头文件</Filter>
    </ClInclude>
    <ClInclude Include="PoppoMarch\CharacterDraw.h">
      <Filter>头文件</Filter>
    </ClInclude>
    <ClInclude Include="PoppoMarch\Spark.h">
      <Filter>头文件</Filter>
    </ClInclude>
  </ItemGroup>
  <ItemGroup>
    <ResourceCompile Include="PoppoMarchScreenSaver.rc">
      <Filter>资源文件</Filter>
    </ResourceCompile>
  </ItemGroup>
  <ItemGroup>
    <Image Include="banner.bmp">
      <Filter>资源文件</Filter>
    </Image>
    <Image Include="app.ico">
      <Filter>资源文件</Filter>
    </Image>
  </ItemGroup>
  <ItemGroup>
    <None Include="bgm.ogg" />
  </ItemGroup>
  <ItemGroup>
    <Text Include="bgm.txt" />
  </ItemGroup>
</Project>